
Microsoft Visual Studio Solution File, Format Version 12.00
# Visual Studio Version 16
VisualStudioVersion = 16.0.31702.278
MinimumVisualStudioVersion = 10.0.40219.1
Project("{9A19103F-16F7-4668-BE54-9A1E7A4F7556}") = "NetCore.ConsoleApp", "NetCore.ConsoleApp\NetCore.ConsoleApp.csproj", "{334C6E3C-F893-4FBF-8B15-3F8BCA6691B9}"
EndProject
Project("{9A19103F-16F7-4668-BE54-9A1E7A4F7556}") = "NetCore.Mensajeria.BL", "NetCore.Mensajeria.BL\NetCore.Mensajeria.BL.csproj", "{4121495B-0CFD-4199-A23B-4510A32ED49C}"
EndProject
Project("{9A19103F-16F7-4668-BE54-9A1E7A4F7556}") = "Topicos.NetCore.NorthWind.Model", "Topicos.NetCore.NorthWind.Model\Topicos.NetCore.NorthWind.Model.csproj", "{DD08C35D-044E-4FA4-9EF4-8C52A01CC495}"
EndProject
Project("{9A19103F-16F7-4668-BE54-9A1E7A4F7556}") = "Topicos.NetCore.Sakila.Model", "Topico.NetCore.Sakila.Model\Topicos.NetCore.Sakila.Model.csproj", "{95C24EAE-A0A9-49A0-8A50-FEDC8B586071}"
EndProject
Project("{9A19103F-16F7-4668-BE54-9A1E7A4F7556}") = "Topicos.NetCore.NorthWind.BL", "Topicos.NetCore.NorthWind.BL\Topicos.NetCore.NorthWind.BL.csproj", "{BC5A370D-6530-479A-8EF2-50E0D0377F50}"
EndProject
Project("{9A19103F-16F7-4668-BE54-9A1E7A4F7556}") = "Topicos.NetCore.Sakila.BL", "Topicos.NetCore.Sakila.BL\Topicos.NetCore.Sakila.BL.csproj", "{0C652978-3CC7-4641-8A62-32BCE762378C}"
EndProject
Project("{9A19103F-16F7-4668-BE54-9A1E7A4F7556}") = "Topicos.NetCore.API.AdventureWorks", "Topicos.NetCore.API.AdventureWorks\Topicos.NetCore.API.AdventureWorks.csproj", "{F4EB5E1C-B546-4A3C-9E09-CD300999DCDC}"
EndProject
Global
	GlobalSection(SolutionConfigurationPlatforms) = preSolution
		Debug|Any CPU = Debug|Any CPU
		Release|Any CPU = Release|Any CPU
	EndGlobalSection
	GlobalSection(ProjectConfigurationPlatforms) = postSolution
		{334C6E3C-F893-4FBF-8B15-3F8BCA6691B9}.Debug|Any CPU.ActiveCfg = Debug|Any CPU
		{334C6E3C-F893-4FBF-8B15-3F8BCA6691B9}.Debug|Any CPU.Build.0 = Debug|Any CPU
		{334C6E3C-F893-4FBF-8B15-3F8BCA6691B9}.Release|Any CPU.ActiveCfg = Release|Any CPU
		{334C6E3C-F893-4FBF-8B15-3F8BCA6691B9}.Release|Any CPU.Build.0 = Release|Any CPU
		{4121495B-0CFD-4199-A23B-4510A32ED49C}.Debug|Any CPU.ActiveCfg = Debug|Any CPU
		{4121495B-0CFD-4199-A23B-4510A32ED49C}.Debug|Any CPU.Build.0 = Debug|Any CPU
		{4121495B-0CFD-4199-A23B-4510A32ED49C}.Release|Any CPU.ActiveCfg = Release|Any CPU
		{4121495B-0CFD-4199-A23B-4510A32ED49C}.Release|Any CPU.Build.0 = Release|Any CPU
		{DD08C35D-044E-4FA4-9EF4-8C52A01CC495}.Debug|Any CPU.ActiveCfg = Debug|Any CPU
		{DD08C35D-044E-4FA4-9EF4-8C52A01CC495}.Debug|Any CPU.Build.0 = Debug|Any CPU
		{DD08C35D-044E-4FA4-9EF4-8C52A01CC495}.Release|Any CPU.ActiveCfg = Release|Any CPU
		{DD08C35D-044E-4FA4-9EF4-8C52A01CC495}.Release|Any CPU.Build.0 = Release|Any CPU
		{95C24EAE-A0A9-49A0-8A50-FEDC8B586071}.Debug|Any CPU.ActiveCfg = Debug|Any CPU
		{95C24EAE-A0A9-49A0-8A50-FEDC8B586071}.Debug|Any CPU.Build.0 = Debug|Any CPU
		{95C24EAE-A0A9-49A0-8A50-FEDC8B586071}.Release|Any CPU.ActiveCfg = Release|Any CPU
		{95C24EAE-A0A9-49A0-8A50-FEDC8B586071}.Release|Any CPU.Build.0 = Release|Any CPU
		{BC5A370D-6530-479A-8EF2-50E0D0377F50}.Debug|Any CPU.ActiveCfg = Debug|Any CPU
		{BC5A370D-6530-479A-8EF2-50E0D0377F50}.Debug|Any CPU.Build.0 = Debug|Any CPU
		{BC5A370D-6530-479A-8EF2-50E0D0377F50}.Release|Any CPU.ActiveCfg = Release|Any CPU
		{BC5A370D-6530-479A-8EF2-50E0D0377F50}.Release|Any CPU.Build.0 = Release|Any CPU
		{0C652978-3CC7-4641-8A62-32BCE762378C}.Debug|Any CPU.ActiveCfg = Debug|Any CPU
		{0C652978-3CC7-4641-8A62-32BCE762378C}.Debug|Any CPU.Build.0 = Debug|Any CPU
		{0C652978-3CC7-4641-8A62-32BCE762378C}.Release|Any CPU.ActiveCfg = Release|Any CPU
		{0C652978-3CC7-4641-8A62-32BCE762378C}.Release|Any CPU.Build.0 = Release|Any CPU
		{F4EB5E1C-B546-4A3C-9E09-CD300999DCDC}.Debug|Any CPU.ActiveCfg = Debug|Any CPU
		{F4EB5E1C-B546-4A3C-9E09-CD300999DCDC}.Debug|Any CPU.Build.0 = Debug|Any CPU
		{F4EB5E1C-B546-4A3C-9E09-CD300999DCDC}.Release|Any CPU.ActiveCfg = Release|Any CPU
		{F4EB5E1C-B546-4A3C-9E09-CD300999DCDC}.Release|Any CPU.Build.0 = Release|Any CPU
	EndGlobalSection
	GlobalSection(SolutionProperties) = preSolution
		HideSolutionNode = FALSE
	EndGlobalSection
	GlobalSection(ExtensibilityGlobals) = postSolution
		SolutionGuid = {7D6B4BDE-02FA-404D-9730-0C0E10410D1C}
	EndGlobalSection
EndGlobal
